
Microsoft Visual Studio Solution File, Format Version 12.00
# Visual Studio Version 17
VisualStudioVersion = 17.8.34511.84
MinimumVisualStudioVersion = 10.0.40219.1
Project("{9A19103F-16F7-4668-BE54-9A1E7A4F7556}") = "AKY_Motors_Assignment2", "AKY_Motors_Assignment2.csproj", "{4FCD5AD1-7CA9-44AF-969A-33607CF456C0}"
EndProject
Global
	GlobalSection(SolutionConfigurationPlatforms) = preSolution
		Debug|Any CPU = Debug|Any CPU
		Release|Any CPU = Release|Any CPU
	EndGlobalSection
	GlobalSection(ProjectConfigurationPlatforms) = postSolution
		{4FCD5AD1-7CA9-44AF-969A-33607CF456C0}.Debug|Any CPU.ActiveCfg = Debug|Any CPU
		{4FCD5AD1-7CA9-44AF-969A-33607CF456C0}.Debug|Any CPU.Build.0 = Debug|Any CPU
		{4FCD5AD1-7CA9-44AF-969A-33607CF456C0}.Release|Any CPU.ActiveCfg = Release|Any CPU
		{4FCD5AD1-7CA9-44AF-969A-33607CF456C0}.Release|Any CPU.Build.0 = Release|Any CPU
	EndGlobalSection
	GlobalSection(SolutionProperties) = preSolution
		HideSolutionNode = FALSE
	EndGlobalSection
	GlobalSection(ExtensibilityGlobals) = postSolution
		SolutionGuid = {51CE8194-8D1C-4399-BC95-F5EFAF6AF438}
	EndGlobalSection
EndGlobal
